
Microsoft Visual Studio Solution File, Format Version 12.00
# Visual Studio Version 17
VisualStudioVersion = 17.1.32407.343
MinimumVisualStudioVersion = 10.0.40219.1
Project("{FAE04EC0-301F-11D3-BF4B-00C04F79EFBC}") = "BulkyBookWeb", "BulkyBookWeb\BulkyBookWeb.csproj", "{DA4F9A58-615B-4978-8382-213241A09C99}"
EndProject
Global
	GlobalSection(SolutionConfigurationPlatforms) = preSolution
		Debug|Any CPU = Debug|Any CPU
		Release|Any CPU = Release|Any CPU
	EndGlobalSection
	GlobalSection(ProjectConfigurationPlatforms) = postSolution
		{DA4F9A58-615B-4978-8382-213241A09C99}.Debug|Any CPU.ActiveCfg = Debug|Any CPU
		{DA4F9A58-615B-4978-8382-213241A09C99}.Debug|Any CPU.Build.0 = Debug|Any CPU
		{DA4F9A58-615B-4978-8382-213241A09C99}.Release|Any CPU.ActiveCfg = Release|Any CPU
		{DA4F9A58-615B-4978-8382-213241A09C99}.Release|Any CPU.Build.0 = Release|Any CPU
	EndGlobalSection
	GlobalSection(SolutionProperties) = preSolution
		HideSolutionNode = FALSE
	EndGlobalSection
	GlobalSection(ExtensibilityGlobals) = postSolution
		SolutionGuid = {3F637613-60AC-49DF-B96C-AAD0B691B0F0}
	EndGlobalSection
EndGlobal
